
Microsoft Visual Studio Solution File, Format Version 12.00
# Visual Studio Version 16
VisualStudioVersion = 16.0.31911.196
MinimumVisualStudioVersion = 10.0.40219.1
Project("{FAE04EC0-301F-11D3-BF4B-00C04F79EFBC}") = "Kostky", "Kostky\Kostky.csproj", "{A5848A5D-415E-4EE0-BC47-2CFDAD396ADE}"
EndProject
Global
	GlobalSection(SolutionConfigurationPlatforms) = preSolution
		Debug|Any CPU = Debug|Any CPU
		Release|Any CPU = Release|Any CPU
	EndGlobalSection
	GlobalSection(ProjectConfigurationPlatforms) = postSolution
		{A5848A5D-415E-4EE0-BC47-2CFDAD396ADE}.Debug|Any CPU.ActiveCfg = Debug|Any CPU
		{A5848A5D-415E-4EE0-BC47-2CFDAD396ADE}.Debug|Any CPU.Build.0 = Debug|Any CPU
		{A5848A5D-415E-4EE0-BC47-2CFDAD396ADE}.Release|Any CPU.ActiveCfg = Release|Any CPU
		{A5848A5D-415E-4EE0-BC47-2CFDAD396ADE}.Release|Any CPU.Build.0 = Release|Any CPU
	EndGlobalSection
	GlobalSection(SolutionProperties) = preSolution
		HideSolutionNode = FALSE
	EndGlobalSection
	GlobalSection(ExtensibilityGlobals) = postSolution
		SolutionGuid = {759E9DF3-CFB5-49CA-9F96-AC416DFE82EB}
	EndGlobalSection
EndGlobal
